
Microsoft Visual Studio Solution File, Format Version 12.00
# Visual Studio Version 17
VisualStudioVersion = 17.13.35806.99 d17.13
MinimumVisualStudioVersion = 10.0.40219.1
Project("{FAE04EC0-301F-11D3-BF4B-00C04F79EFBC}") = "car", "car\car.csproj", "{AB7D169C-6E1E-4C85-B738-9A15CC9F1AFA}"
EndProject
Global
	GlobalSection(SolutionConfigurationPlatforms) = preSolution
		Debug|Any CPU = Debug|Any CPU
		Release|Any CPU = Release|Any CPU
	EndGlobalSection
	GlobalSection(ProjectConfigurationPlatforms) = postSolution
		{AB7D169C-6E1E-4C85-B738-9A15CC9F1AFA}.Debug|Any CPU.ActiveCfg = Debug|Any CPU
		{AB7D169C-6E1E-4C85-B738-9A15CC9F1AFA}.Debug|Any CPU.Build.0 = Debug|Any CPU
		{AB7D169C-6E1E-4C85-B738-9A15CC9F1AFA}.Release|Any CPU.ActiveCfg = Release|Any CPU
		{AB7D169C-6E1E-4C85-B738-9A15CC9F1AFA}.Release|Any CPU.Build.0 = Release|Any CPU
	EndGlobalSection
	GlobalSection(SolutionProperties) = preSolution
		HideSolutionNode = FALSE
	EndGlobalSection
	GlobalSection(ExtensibilityGlobals) = postSolution
		SolutionGuid = {758D7BB4-69C9-4B1F-8A28-3049158E47EF}
	EndGlobalSection
EndGlobal
